
Microsoft Visual Studio Solution File, Format Version 12.00
# Visual Studio Version 17
VisualStudioVersion = 17.5.002.0
MinimumVisualStudioVersion = 10.0.40219.1
Project("{9A19103F-16F7-4668-BE54-9A1E7A4F7556}") = "TicketManager.Api", "TicketManager.Api.csproj", "{C7212785-76E0-4720-A93B-F048243B8AFB}"
EndProject
Global
	GlobalSection(SolutionConfigurationPlatforms) = preSolution
		Debug|Any CPU = Debug|Any CPU
		Release|Any CPU = Release|Any CPU
	EndGlobalSection
	GlobalSection(ProjectConfigurationPlatforms) = postSolution
		{C7212785-76E0-4720-A93B-F048243B8AFB}.Debug|Any CPU.ActiveCfg = Debug|Any CPU
		{C7212785-76E0-4720-A93B-F048243B8AFB}.Debug|Any CPU.Build.0 = Debug|Any CPU
		{C7212785-76E0-4720-A93B-F048243B8AFB}.Release|Any CPU.ActiveCfg = Release|Any CPU
		{C7212785-76E0-4720-A93B-F048243B8AFB}.Release|Any CPU.Build.0 = Release|Any CPU
	EndGlobalSection
	GlobalSection(SolutionProperties) = preSolution
		HideSolutionNode = FALSE
	EndGlobalSection
	GlobalSection(ExtensibilityGlobals) = postSolution
		SolutionGuid = {5C220A34-4207-4D6C-A7EA-9AC710415903}
	EndGlobalSection
EndGlobal
